
Microsoft Visual Studio Solution File, Format Version 12.00
# Visual Studio Version 16
VisualStudioVersion = 16.0.31129.286
MinimumVisualStudioVersion = 10.0.40219.1
Project("{FAE04EC0-301F-11D3-BF4B-00C04F79EFBC}") = "PcComponents", "PcComponents\PcComponents.csproj", "{9ABEEDD6-073A-4873-A2A4-9C85ACF992EB}"
EndProject
Global
	GlobalSection(SolutionConfigurationPlatforms) = preSolution
		Debug|Any CPU = Debug|Any CPU
		Release|Any CPU = Release|Any CPU
	EndGlobalSection
	GlobalSection(ProjectConfigurationPlatforms) = postSolution
		{9ABEEDD6-073A-4873-A2A4-9C85ACF992EB}.Debug|Any CPU.ActiveCfg = Debug|Any CPU
		{9ABEEDD6-073A-4873-A2A4-9C85ACF992EB}.Debug|Any CPU.Build.0 = Debug|Any CPU
		{9ABEEDD6-073A-4873-A2A4-9C85ACF992EB}.Release|Any CPU.ActiveCfg = Release|Any CPU
		{9ABEEDD6-073A-4873-A2A4-9C85ACF992EB}.Release|Any CPU.Build.0 = Release|Any CPU
	EndGlobalSection
	GlobalSection(SolutionProperties) = preSolution
		HideSolutionNode = FALSE
	EndGlobalSection
	GlobalSection(ExtensibilityGlobals) = postSolution
		SolutionGuid = {E1F8A014-C647-435D-AA87-4A3E6215FA35}
	EndGlobalSection
EndGlobal
